
Microsoft Visual Studio Solution File, Format Version 12.00
# Visual Studio Version 17
VisualStudioVersion = 17.14.36930.0 d17.14
MinimumVisualStudioVersion = 10.0.40219.1
Project("{FAE04EC0-301F-11D3-BF4B-00C04F79EFBC}") = "CourseOps.Api", "CourseOps.Api\CourseOps.Api.csproj", "{841A7196-7F87-43CA-9891-ED2A1BFD2272}"
EndProject
Global
	GlobalSection(SolutionConfigurationPlatforms) = preSolution
		Debug|Any CPU = Debug|Any CPU
		Release|Any CPU = Release|Any CPU
	EndGlobalSection
	GlobalSection(ProjectConfigurationPlatforms) = postSolution
		{841A7196-7F87-43CA-9891-ED2A1BFD2272}.Debug|Any CPU.ActiveCfg = Debug|Any CPU
		{841A7196-7F87-43CA-9891-ED2A1BFD2272}.Debug|Any CPU.Build.0 = Debug|Any CPU
		{841A7196-7F87-43CA-9891-ED2A1BFD2272}.Release|Any CPU.ActiveCfg = Release|Any CPU
		{841A7196-7F87-43CA-9891-ED2A1BFD2272}.Release|Any CPU.Build.0 = Release|Any CPU
	EndGlobalSection
	GlobalSection(SolutionProperties) = preSolution
		HideSolutionNode = FALSE
	EndGlobalSection
	GlobalSection(ExtensibilityGlobals) = postSolution
		SolutionGuid = {2B86ED15-F3D0-452B-A475-BC79B7DF974B}
	EndGlobalSection
EndGlobal
